
Microsoft Visual Studio Solution File, Format Version 12.00
# Visual Studio 2012
Project("{FAE04EC0-301F-11D3-BF4B-00C04F79EFBC}") = "SME", "SME\SME.csproj", "{CDC88908-F9B8-40CB-B746-86C8A4C1871B}"
EndProject
Project("{2150E333-8FDC-42A3-9474-1A3956D46DE8}") = "Examples", "Examples", "{0F94E837-9D61-47FE-98A0-EDFA671A44FA}"
EndProject
Project("{FAE04EC0-301F-11D3-BF4B-00C04F79EFBC}") = "SimpleMemoryBus", "Examples\SimpleMemoryBus\SimpleMemoryBus.csproj", "{2BAC28BE-A503-4534-BA59-171FE4313317}"
EndProject
Project("{FAE04EC0-301F-11D3-BF4B-00C04F79EFBC}") = "SimpleNestedComponent", "Examples\SimpleNestedComponent\SimpleNestedComponent.csproj", "{1565B41E-DBF3-49B9-9A07-B9E31EF6861F}"
EndProject
Project("{FAE04EC0-301F-11D3-BF4B-00C04F79EFBC}") = "SimpleTradeImplementation", "Examples\SimpleTrader\SimpleTradeImplementation\SimpleTradeImplementation.csproj", "{83BF7F48-BB3D-40C0-931D-B5BBCA93C92F}"
EndProject
Project("{FAE04EC0-301F-11D3-BF4B-00C04F79EFBC}") = "AES256CBC", "Examples\AES256CBC\AES256CBC\AES256CBC.csproj", "{F567A5CA-0E4F-4641-BB98-191933A2DBBB}"
EndProject
Project("{FAE04EC0-301F-11D3-BF4B-00C04F79EFBC}") = "SME.Render.GraphViz", "Render\GraphViz\SME.Render.GraphViz.csproj", "{268A0B13-B84C-42F1-96D9-96550ED2F71F}"
EndProject
Project("{FAE04EC0-301F-11D3-BF4B-00C04F79EFBC}") = "NoiseFilter", "Examples\NoiseFilter\NoiseFilter.csproj", "{91759F1E-3279-406C-B621-4C3296AF65A6}"
EndProject
Project("{FAE04EC0-301F-11D3-BF4B-00C04F79EFBC}") = "ColorBin", "Examples\ColorBin\ColorBin.csproj", "{6BB5AFD0-8B33-42C0-960C-235C7350E52B}"
EndProject
Project("{FAE04EC0-301F-11D3-BF4B-00C04F79EFBC}") = "SME.Render.VHDL", "Render\VHDL\SME.Render.VHDL.csproj", "{B6BDF863-F356-4DD7-8BA7-22B1DFFF7223}"
EndProject
Project("{FAE04EC0-301F-11D3-BF4B-00C04F79EFBC}") = "LogicGates", "Examples\LogicGates\LogicGates.csproj", "{6FE8E440-0E04-4FC3-BC37-39F6C361F334}"
EndProject
Project("{FAE04EC0-301F-11D3-BF4B-00C04F79EFBC}") = "Decoder", "Examples\Decoder\Decoder.csproj", "{454ED588-7080-49B8-899E-7FB73BF2DD7D}"
EndProject
Project("{FAE04EC0-301F-11D3-BF4B-00C04F79EFBC}") = "SimpleTest", "Examples\SimpleTest\SimpleTest.csproj", "{3EA2CA7B-59C3-41D2-A6E6-855EF93A1043}"
EndProject
Project("{FAE04EC0-301F-11D3-BF4B-00C04F79EFBC}") = "Adder", "Examples\Adder\Adder.csproj", "{8417DE9A-6016-4D21-81EE-6BD1E5C85E6A}"
EndProject
Project("{FAE04EC0-301F-11D3-BF4B-00C04F79EFBC}") = "Adder32", "Examples\Adder32\Adder32.csproj", "{3ABE73F8-2E1D-4362-B58E-19C269D66FEE}"
EndProject
Project("{FAE04EC0-301F-11D3-BF4B-00C04F79EFBC}") = "FullAdder", "Examples\FullAdder\FullAdder.csproj", "{AC49EE03-0052-4EFD-B929-A810903DDE01}"
EndProject
Project("{FAE04EC0-301F-11D3-BF4B-00C04F79EFBC}") = "ScalDecoder", "Examples\ScalDecoder\ScalDecoder.csproj", "{722CBE1B-57AE-4FCF-BD8F-89C4C1067303}"
EndProject
Project("{FAE04EC0-301F-11D3-BF4B-00C04F79EFBC}") = "Register", "Examples\Register\Register.csproj", "{8D25F33F-343A-46EB-8E41-B351FB9146DC}"
EndProject
Project("{FAE04EC0-301F-11D3-BF4B-00C04F79EFBC}") = "ALU", "Examples\ALU\ALU.csproj", "{B437488B-64D6-4473-9BED-A3B9E0E32562}"
EndProject
Project("{FAE04EC0-301F-11D3-BF4B-00C04F79EFBC}") = "SingleCycleMIPS", "Examples\SingleCycleMIPS\SingleCycleMIPS.csproj", "{50E31EFB-78A1-406D-9D50-43D005B66375}"
EndProject
Project("{FAE04EC0-301F-11D3-BF4B-00C04F79EFBC}") = "testing", "testing\testing.csproj", "{CD17B80B-D921-417B-8FA6-D553EB97B81D}"
EndProject
Global
	GlobalSection(SolutionConfigurationPlatforms) = preSolution
		Debug|Any CPU = Debug|Any CPU
		Release|Any CPU = Release|Any CPU
		Debug|x86 = Debug|x86
		Release|x86 = Release|x86
	EndGlobalSection
	GlobalSection(ProjectConfigurationPlatforms) = postSolution
		{1565B41E-DBF3-49B9-9A07-B9E31EF6861F}.Debug|Any CPU.ActiveCfg = Debug|Any CPU
		{1565B41E-DBF3-49B9-9A07-B9E31EF6861F}.Debug|Any CPU.Build.0 = Debug|Any CPU
		{1565B41E-DBF3-49B9-9A07-B9E31EF6861F}.Release|Any CPU.ActiveCfg = Release|Any CPU
		{1565B41E-DBF3-49B9-9A07-B9E31EF6861F}.Release|Any CPU.Build.0 = Release|Any CPU
		{1565B41E-DBF3-49B9-9A07-B9E31EF6861F}.Debug|x86.ActiveCfg = Debug|Any CPU
		{1565B41E-DBF3-49B9-9A07-B9E31EF6861F}.Debug|x86.Build.0 = Debug|Any CPU
		{1565B41E-DBF3-49B9-9A07-B9E31EF6861F}.Release|x86.ActiveCfg = Release|Any CPU
		{1565B41E-DBF3-49B9-9A07-B9E31EF6861F}.Release|x86.Build.0 = Release|Any CPU
		{268A0B13-B84C-42F1-96D9-96550ED2F71F}.Debug|Any CPU.ActiveCfg = Debug|Any CPU
		{268A0B13-B84C-42F1-96D9-96550ED2F71F}.Debug|Any CPU.Build.0 = Debug|Any CPU
		{268A0B13-B84C-42F1-96D9-96550ED2F71F}.Release|Any CPU.ActiveCfg = Release|Any CPU
		{268A0B13-B84C-42F1-96D9-96550ED2F71F}.Release|Any CPU.Build.0 = Release|Any CPU
		{268A0B13-B84C-42F1-96D9-96550ED2F71F}.Debug|x86.ActiveCfg = Debug|Any CPU
		{268A0B13-B84C-42F1-96D9-96550ED2F71F}.Debug|x86.Build.0 = Debug|Any CPU
		{268A0B13-B84C-42F1-96D9-96550ED2F71F}.Release|x86.ActiveCfg = Release|Any CPU
		{268A0B13-B84C-42F1-96D9-96550ED2F71F}.Release|x86.Build.0 = Release|Any CPU
		{2BAC28BE-A503-4534-BA59-171FE4313317}.Debug|Any CPU.ActiveCfg = Debug|Any CPU
		{2BAC28BE-A503-4534-BA59-171FE4313317}.Debug|Any CPU.Build.0 = Debug|Any CPU
		{2BAC28BE-A503-4534-BA59-171FE4313317}.Release|Any CPU.ActiveCfg = Release|Any CPU
		{2BAC28BE-A503-4534-BA59-171FE4313317}.Release|Any CPU.Build.0 = Release|Any CPU
		{2BAC28BE-A503-4534-BA59-171FE4313317}.Debug|x86.ActiveCfg = Debug|Any CPU
		{2BAC28BE-A503-4534-BA59-171FE4313317}.Debug|x86.Build.0 = Debug|Any CPU
		{2BAC28BE-A503-4534-BA59-171FE4313317}.Release|x86.ActiveCfg = Release|Any CPU
		{2BAC28BE-A503-4534-BA59-171FE4313317}.Release|x86.Build.0 = Release|Any CPU
		{83BF7F48-BB3D-40C0-931D-B5BBCA93C92F}.Debug|Any CPU.ActiveCfg = Debug|Any CPU
		{83BF7F48-BB3D-40C0-931D-B5BBCA93C92F}.Debug|Any CPU.Build.0 = Debug|Any CPU
		{83BF7F48-BB3D-40C0-931D-B5BBCA93C92F}.Release|Any CPU.ActiveCfg = Release|Any CPU
		{83BF7F48-BB3D-40C0-931D-B5BBCA93C92F}.Release|Any CPU.Build.0 = Release|Any CPU
		{83BF7F48-BB3D-40C0-931D-B5BBCA93C92F}.Debug|x86.ActiveCfg = Debug|Any CPU
		{83BF7F48-BB3D-40C0-931D-B5BBCA93C92F}.Debug|x86.Build.0 = Debug|Any CPU
		{83BF7F48-BB3D-40C0-931D-B5BBCA93C92F}.Release|x86.ActiveCfg = Release|Any CPU
		{83BF7F48-BB3D-40C0-931D-B5BBCA93C92F}.Release|x86.Build.0 = Release|Any CPU
		{CDC88908-F9B8-40CB-B746-86C8A4C1871B}.Debug|Any CPU.ActiveCfg = Debug|Any CPU
		{CDC88908-F9B8-40CB-B746-86C8A4C1871B}.Debug|Any CPU.Build.0 = Debug|Any CPU
		{CDC88908-F9B8-40CB-B746-86C8A4C1871B}.Release|Any CPU.ActiveCfg = Release|Any CPU
		{CDC88908-F9B8-40CB-B746-86C8A4C1871B}.Release|Any CPU.Build.0 = Release|Any CPU
		{CDC88908-F9B8-40CB-B746-86C8A4C1871B}.Debug|x86.ActiveCfg = Debug|Any CPU
		{CDC88908-F9B8-40CB-B746-86C8A4C1871B}.Debug|x86.Build.0 = Debug|Any CPU
		{CDC88908-F9B8-40CB-B746-86C8A4C1871B}.Release|x86.ActiveCfg = Release|Any CPU
		{CDC88908-F9B8-40CB-B746-86C8A4C1871B}.Release|x86.Build.0 = Release|Any CPU
		{F567A5CA-0E4F-4641-BB98-191933A2DBBB}.Debug|Any CPU.ActiveCfg = Debug|Any CPU
		{F567A5CA-0E4F-4641-BB98-191933A2DBBB}.Debug|Any CPU.Build.0 = Debug|Any CPU
		{F567A5CA-0E4F-4641-BB98-191933A2DBBB}.Release|Any CPU.ActiveCfg = Release|Any CPU
		{F567A5CA-0E4F-4641-BB98-191933A2DBBB}.Release|Any CPU.Build.0 = Release|Any CPU
		{F567A5CA-0E4F-4641-BB98-191933A2DBBB}.Debug|x86.ActiveCfg = Debug|Any CPU
		{F567A5CA-0E4F-4641-BB98-191933A2DBBB}.Debug|x86.Build.0 = Debug|Any CPU
		{F567A5CA-0E4F-4641-BB98-191933A2DBBB}.Release|x86.ActiveCfg = Release|Any CPU
		{F567A5CA-0E4F-4641-BB98-191933A2DBBB}.Release|x86.Build.0 = Release|Any CPU
		{91759F1E-3279-406C-B621-4C3296AF65A6}.Debug|Any CPU.ActiveCfg = Debug|Any CPU
		{91759F1E-3279-406C-B621-4C3296AF65A6}.Debug|Any CPU.Build.0 = Debug|Any CPU
		{91759F1E-3279-406C-B621-4C3296AF65A6}.Release|Any CPU.ActiveCfg = Release|Any CPU
		{91759F1E-3279-406C-B621-4C3296AF65A6}.Release|Any CPU.Build.0 = Release|Any CPU
		{91759F1E-3279-406C-B621-4C3296AF65A6}.Debug|x86.ActiveCfg = Debug|Any CPU
		{91759F1E-3279-406C-B621-4C3296AF65A6}.Debug|x86.Build.0 = Debug|Any CPU
		{91759F1E-3279-406C-B621-4C3296AF65A6}.Release|x86.ActiveCfg = Release|Any CPU
		{91759F1E-3279-406C-B621-4C3296AF65A6}.Release|x86.Build.0 = Release|Any CPU
		{6BB5AFD0-8B33-42C0-960C-235C7350E52B}.Debug|Any CPU.ActiveCfg = Debug|Any CPU
		{6BB5AFD0-8B33-42C0-960C-235C7350E52B}.Debug|Any CPU.Build.0 = Debug|Any CPU
		{6BB5AFD0-8B33-42C0-960C-235C7350E52B}.Release|Any CPU.ActiveCfg = Release|Any CPU
		{6BB5AFD0-8B33-42C0-960C-235C7350E52B}.Release|Any CPU.Build.0 = Release|Any CPU
		{6BB5AFD0-8B33-42C0-960C-235C7350E52B}.Debug|x86.ActiveCfg = Debug|Any CPU
		{6BB5AFD0-8B33-42C0-960C-235C7350E52B}.Debug|x86.Build.0 = Debug|Any CPU
		{6BB5AFD0-8B33-42C0-960C-235C7350E52B}.Release|x86.ActiveCfg = Release|Any CPU
		{6BB5AFD0-8B33-42C0-960C-235C7350E52B}.Release|x86.Build.0 = Release|Any CPU
		{B6BDF863-F356-4DD7-8BA7-22B1DFFF7223}.Debug|Any CPU.ActiveCfg = Debug|Any CPU
		{B6BDF863-F356-4DD7-8BA7-22B1DFFF7223}.Debug|Any CPU.Build.0 = Debug|Any CPU
		{B6BDF863-F356-4DD7-8BA7-22B1DFFF7223}.Release|Any CPU.ActiveCfg = Release|Any CPU
		{B6BDF863-F356-4DD7-8BA7-22B1DFFF7223}.Release|Any CPU.Build.0 = Release|Any CPU
		{B6BDF863-F356-4DD7-8BA7-22B1DFFF7223}.Debug|x86.ActiveCfg = Debug|Any CPU
		{B6BDF863-F356-4DD7-8BA7-22B1DFFF7223}.Debug|x86.Build.0 = Debug|Any CPU
		{B6BDF863-F356-4DD7-8BA7-22B1DFFF7223}.Release|x86.ActiveCfg = Release|Any CPU
		{B6BDF863-F356-4DD7-8BA7-22B1DFFF7223}.Release|x86.Build.0 = Release|Any CPU
		{6FE8E440-0E04-4FC3-BC37-39F6C361F334}.Debug|Any CPU.ActiveCfg = Debug|Any CPU
		{6FE8E440-0E04-4FC3-BC37-39F6C361F334}.Debug|Any CPU.Build.0 = Debug|Any CPU
		{6FE8E440-0E04-4FC3-BC37-39F6C361F334}.Release|Any CPU.ActiveCfg = Release|Any CPU
		{6FE8E440-0E04-4FC3-BC37-39F6C361F334}.Release|Any CPU.Build.0 = Release|Any CPU
		{6FE8E440-0E04-4FC3-BC37-39F6C361F334}.Debug|x86.ActiveCfg = Debug|Any CPU
		{6FE8E440-0E04-4FC3-BC37-39F6C361F334}.Debug|x86.Build.0 = Debug|Any CPU
		{6FE8E440-0E04-4FC3-BC37-39F6C361F334}.Release|x86.ActiveCfg = Release|Any CPU
		{6FE8E440-0E04-4FC3-BC37-39F6C361F334}.Release|x86.Build.0 = Release|Any CPU
		{454ED588-7080-49B8-899E-7FB73BF2DD7D}.Debug|Any CPU.ActiveCfg = Debug|Any CPU
		{454ED588-7080-49B8-899E-7FB73BF2DD7D}.Debug|Any CPU.Build.0 = Debug|Any CPU
		{454ED588-7080-49B8-899E-7FB73BF2DD7D}.Release|Any CPU.ActiveCfg = Release|Any CPU
		{454ED588-7080-49B8-899E-7FB73BF2DD7D}.Release|Any CPU.Build.0 = Release|Any CPU
		{454ED588-7080-49B8-899E-7FB73BF2DD7D}.Debug|x86.ActiveCfg = Debug|Any CPU
		{454ED588-7080-49B8-899E-7FB73BF2DD7D}.Debug|x86.Build.0 = Debug|Any CPU
		{454ED588-7080-49B8-899E-7FB73BF2DD7D}.Release|x86.ActiveCfg = Release|Any CPU
		{454ED588-7080-49B8-899E-7FB73BF2DD7D}.Release|x86.Build.0 = Release|Any CPU
		{3EA2CA7B-59C3-41D2-A6E6-855EF93A1043}.Debug|Any CPU.ActiveCfg = Debug|Any CPU
		{3EA2CA7B-59C3-41D2-A6E6-855EF93A1043}.Debug|Any CPU.Build.0 = Debug|Any CPU
		{3EA2CA7B-59C3-41D2-A6E6-855EF93A1043}.Release|Any CPU.ActiveCfg = Release|Any CPU
		{3EA2CA7B-59C3-41D2-A6E6-855EF93A1043}.Release|Any CPU.Build.0 = Release|Any CPU
		{3EA2CA7B-59C3-41D2-A6E6-855EF93A1043}.Debug|x86.ActiveCfg = Debug|Any CPU
		{3EA2CA7B-59C3-41D2-A6E6-855EF93A1043}.Debug|x86.Build.0 = Debug|Any CPU
		{3EA2CA7B-59C3-41D2-A6E6-855EF93A1043}.Release|x86.ActiveCfg = Release|Any CPU
		{3EA2CA7B-59C3-41D2-A6E6-855EF93A1043}.Release|x86.Build.0 = Release|Any CPU
		{8417DE9A-6016-4D21-81EE-6BD1E5C85E6A}.Debug|Any CPU.ActiveCfg = Debug|Any CPU
		{8417DE9A-6016-4D21-81EE-6BD1E5C85E6A}.Debug|Any CPU.Build.0 = Debug|Any CPU
		{8417DE9A-6016-4D21-81EE-6BD1E5C85E6A}.Release|Any CPU.ActiveCfg = Release|Any CPU
		{8417DE9A-6016-4D21-81EE-6BD1E5C85E6A}.Release|Any CPU.Build.0 = Release|Any CPU
		{8417DE9A-6016-4D21-81EE-6BD1E5C85E6A}.Debug|x86.ActiveCfg = Debug|Any CPU
		{8417DE9A-6016-4D21-81EE-6BD1E5C85E6A}.Debug|x86.Build.0 = Debug|Any CPU
		{8417DE9A-6016-4D21-81EE-6BD1E5C85E6A}.Release|x86.ActiveCfg = Release|Any CPU
		{8417DE9A-6016-4D21-81EE-6BD1E5C85E6A}.Release|x86.Build.0 = Release|Any CPU
		{3ABE73F8-2E1D-4362-B58E-19C269D66FEE}.Debug|Any CPU.ActiveCfg = Debug|Any CPU
		{3ABE73F8-2E1D-4362-B58E-19C269D66FEE}.Debug|Any CPU.Build.0 = Debug|Any CPU
		{3ABE73F8-2E1D-4362-B58E-19C269D66FEE}.Release|Any CPU.ActiveCfg = Release|Any CPU
		{3ABE73F8-2E1D-4362-B58E-19C269D66FEE}.Release|Any CPU.Build.0 = Release|Any CPU
		{3ABE73F8-2E1D-4362-B58E-19C269D66FEE}.Debug|x86.ActiveCfg = Debug|Any CPU
		{3ABE73F8-2E1D-4362-B58E-19C269D66FEE}.Debug|x86.Build.0 = Debug|Any CPU
		{3ABE73F8-2E1D-4362-B58E-19C269D66FEE}.Release|x86.ActiveCfg = Release|Any CPU
		{3ABE73F8-2E1D-4362-B58E-19C269D66FEE}.Release|x86.Build.0 = Release|Any CPU
		{AC49EE03-0052-4EFD-B929-A810903DDE01}.Debug|Any CPU.ActiveCfg = Debug|Any CPU
		{AC49EE03-0052-4EFD-B929-A810903DDE01}.Debug|Any CPU.Build.0 = Debug|Any CPU
		{AC49EE03-0052-4EFD-B929-A810903DDE01}.Release|Any CPU.ActiveCfg = Release|Any CPU
		{AC49EE03-0052-4EFD-B929-A810903DDE01}.Release|Any CPU.Build.0 = Release|Any CPU
		{AC49EE03-0052-4EFD-B929-A810903DDE01}.Debug|x86.ActiveCfg = Debug|Any CPU
		{AC49EE03-0052-4EFD-B929-A810903DDE01}.Debug|x86.Build.0 = Debug|Any CPU
		{AC49EE03-0052-4EFD-B929-A810903DDE01}.Release|x86.ActiveCfg = Release|Any CPU
		{AC49EE03-0052-4EFD-B929-A810903DDE01}.Release|x86.Build.0 = Release|Any CPU
		{722CBE1B-57AE-4FCF-BD8F-89C4C1067303}.Debug|Any CPU.ActiveCfg = Debug|Any CPU
		{722CBE1B-57AE-4FCF-BD8F-89C4C1067303}.Debug|Any CPU.Build.0 = Debug|Any CPU
		{722CBE1B-57AE-4FCF-BD8F-89C4C1067303}.Release|Any CPU.ActiveCfg = Release|Any CPU
		{722CBE1B-57AE-4FCF-BD8F-89C4C1067303}.Release|Any CPU.Build.0 = Release|Any CPU
		{722CBE1B-57AE-4FCF-BD8F-89C4C1067303}.Debug|x86.ActiveCfg = Debug|Any CPU
		{722CBE1B-57AE-4FCF-BD8F-89C4C1067303}.Debug|x86.Build.0 = Debug|Any CPU
		{722CBE1B-57AE-4FCF-BD8F-89C4C1067303}.Release|x86.ActiveCfg = Release|Any CPU
		{722CBE1B-57AE-4FCF-BD8F-89C4C1067303}.Release|x86.Build.0 = Release|Any CPU
		{8D25F33F-343A-46EB-8E41-B351FB9146DC}.Debug|Any CPU.ActiveCfg = Debug|Any CPU
		{8D25F33F-343A-46EB-8E41-B351FB9146DC}.Debug|Any CPU.Build.0 = Debug|Any CPU
		{8D25F33F-343A-46EB-8E41-B351FB9146DC}.Release|Any CPU.ActiveCfg = Release|Any CPU
		{8D25F33F-343A-46EB-8E41-B351FB9146DC}.Release|Any CPU.Build.0 = Release|Any CPU
		{8D25F33F-343A-46EB-8E41-B351FB9146DC}.Debug|x86.ActiveCfg = Debug|Any CPU
		{8D25F33F-343A-46EB-8E41-B351FB9146DC}.Debug|x86.Build.0 = Debug|Any CPU
		{8D25F33F-343A-46EB-8E41-B351FB9146DC}.Release|x86.ActiveCfg = Release|Any CPU
		{8D25F33F-343A-46EB-8E41-B351FB9146DC}.Release|x86.Build.0 = Release|Any CPU
		{B437488B-64D6-4473-9BED-A3B9E0E32562}.Debug|Any CPU.ActiveCfg = Debug|Any CPU
		{B437488B-64D6-4473-9BED-A3B9E0E32562}.Debug|Any CPU.Build.0 = Debug|Any CPU
		{B437488B-64D6-4473-9BED-A3B9E0E32562}.Release|Any CPU.ActiveCfg = Release|Any CPU
		{B437488B-64D6-4473-9BED-A3B9E0E32562}.Release|Any CPU.Build.0 = Release|Any CPU
		{B437488B-64D6-4473-9BED-A3B9E0E32562}.Debug|x86.ActiveCfg = Debug|Any CPU
		{B437488B-64D6-4473-9BED-A3B9E0E32562}.Debug|x86.Build.0 = Debug|Any CPU
		{B437488B-64D6-4473-9BED-A3B9E0E32562}.Release|x86.ActiveCfg = Release|Any CPU
		{B437488B-64D6-4473-9BED-A3B9E0E32562}.Release|x86.Build.0 = Release|Any CPU
		{50E31EFB-78A1-406D-9D50-43D005B66375}.Debug|Any CPU.ActiveCfg = Debug|Any CPU
		{50E31EFB-78A1-406D-9D50-43D005B66375}.Debug|Any CPU.Build.0 = Debug|Any CPU
		{50E31EFB-78A1-406D-9D50-43D005B66375}.Release|Any CPU.ActiveCfg = Release|Any CPU
		{50E31EFB-78A1-406D-9D50-43D005B66375}.Release|Any CPU.Build.0 = Release|Any CPU
		{50E31EFB-78A1-406D-9D50-43D005B66375}.Debug|x86.ActiveCfg = Debug|Any CPU
		{50E31EFB-78A1-406D-9D50-43D005B66375}.Debug|x86.Build.0 = Debug|Any CPU
		{50E31EFB-78A1-406D-9D50-43D005B66375}.Release|x86.ActiveCfg = Release|Any CPU
		{50E31EFB-78A1-406D-9D50-43D005B66375}.Release|x86.Build.0 = Release|Any CPU
		{CD17B80B-D921-417B-8FA6-D553EB97B81D}.Debug|Any CPU.ActiveCfg = Debug|Any CPU
		{CD17B80B-D921-417B-8FA6-D553EB97B81D}.Debug|Any CPU.Build.0 = Debug|Any CPU
		{CD17B80B-D921-417B-8FA6-D553EB97B81D}.Release|Any CPU.ActiveCfg = Release|Any CPU
		{CD17B80B-D921-417B-8FA6-D553EB97B81D}.Release|Any CPU.Build.0 = Release|Any CPU
		{CD17B80B-D921-417B-8FA6-D553EB97B81D}.Debug|x86.ActiveCfg = Debug|Any CPU
		{CD17B80B-D921-417B-8FA6-D553EB97B81D}.Debug|x86.Build.0 = Debug|Any CPU
		{CD17B80B-D921-417B-8FA6-D553EB97B81D}.Release|x86.ActiveCfg = Release|Any CPU
		{CD17B80B-D921-417B-8FA6-D553EB97B81D}.Release|x86.Build.0 = Release|Any CPU
	EndGlobalSection
	GlobalSection(NestedProjects) = preSolution
		{2BAC28BE-A503-4534-BA59-171FE4313317} = {0F94E837-9D61-47FE-98A0-EDFA671A44FA}
		{1565B41E-DBF3-49B9-9A07-B9E31EF6861F} = {0F94E837-9D61-47FE-98A0-EDFA671A44FA}
		{83BF7F48-BB3D-40C0-931D-B5BBCA93C92F} = {0F94E837-9D61-47FE-98A0-EDFA671A44FA}
		{F567A5CA-0E4F-4641-BB98-191933A2DBBB} = {0F94E837-9D61-47FE-98A0-EDFA671A44FA}
		{91759F1E-3279-406C-B621-4C3296AF65A6} = {0F94E837-9D61-47FE-98A0-EDFA671A44FA}
		{6BB5AFD0-8B33-42C0-960C-235C7350E52B} = {0F94E837-9D61-47FE-98A0-EDFA671A44FA}
		{6FE8E440-0E04-4FC3-BC37-39F6C361F334} = {0F94E837-9D61-47FE-98A0-EDFA671A44FA}
		{454ED588-7080-49B8-899E-7FB73BF2DD7D} = {0F94E837-9D61-47FE-98A0-EDFA671A44FA}
		{3EA2CA7B-59C3-41D2-A6E6-855EF93A1043} = {0F94E837-9D61-47FE-98A0-EDFA671A44FA}
		{8417DE9A-6016-4D21-81EE-6BD1E5C85E6A} = {0F94E837-9D61-47FE-98A0-EDFA671A44FA}
		{3ABE73F8-2E1D-4362-B58E-19C269D66FEE} = {0F94E837-9D61-47FE-98A0-EDFA671A44FA}
		{AC49EE03-0052-4EFD-B929-A810903DDE01} = {0F94E837-9D61-47FE-98A0-EDFA671A44FA}
		{722CBE1B-57AE-4FCF-BD8F-89C4C1067303} = {0F94E837-9D61-47FE-98A0-EDFA671A44FA}
		{8D25F33F-343A-46EB-8E41-B351FB9146DC} = {0F94E837-9D61-47FE-98A0-EDFA671A44FA}
		{B437488B-64D6-4473-9BED-A3B9E0E32562} = {0F94E837-9D61-47FE-98A0-EDFA671A44FA}
		{50E31EFB-78A1-406D-9D50-43D005B66375} = {0F94E837-9D61-47FE-98A0-EDFA671A44FA}
	EndGlobalSection
EndGlobal
